
Microsoft Visual Studio Solution File, Format Version 12.00
# Visual Studio Version 17
VisualStudioVersion = 17.3.32804.467
MinimumVisualStudioVersion = 10.0.40219.1
Project("{9A19103F-16F7-4668-BE54-9A1E7A4F7556}") = "QuantStudio.Shell", "src\QuantStudio.Shell\QuantStudio.Shell.csproj", "{7CC4F9BA-520E-4D2E-92A5-8B91BFA08CBF}"
EndProject
Project("{2150E333-8FDC-42A3-9474-1A3956D46DE8}") = "src", "src", "{25D4C66E-2173-478D-ABBE-0E9FC0E93B57}"
EndProject
Project("{FAE04EC0-301F-11D3-BF4B-00C04F79EFBC}") = "QuantStudio.Web", "src\QuantStudio.Web\QuantStudio.Web.csproj", "{C27F6B19-42D7-431B-A0DF-319F1921A080}"
EndProject
Project("{FAE04EC0-301F-11D3-BF4B-00C04F79EFBC}") = "QuantStudio.Shared", "src\QuantStudio.Shared\QuantStudio.Shared.csproj", "{6D6CE875-3914-4C9E-871A-F62D757B9D3A}"
EndProject
Project("{FAE04EC0-301F-11D3-BF4B-00C04F79EFBC}") = "QuantStudio.CTP", "src\QuantStudio.CTP\QuantStudio.CTP.csproj", "{A787A4CD-5150-4277-997C-95E9CE45E1AA}"
EndProject
Project("{9A19103F-16F7-4668-BE54-9A1E7A4F7556}") = "QuantStudio.ConsoleApp", "src\QuantStudio.ConsoleApp\QuantStudio.ConsoleApp.csproj", "{3FB97996-A492-42E8-A8DA-3F79ACD55F0D}"
EndProject
Global
	GlobalSection(SolutionConfigurationPlatforms) = preSolution
		Debug|Any CPU = Debug|Any CPU
		Release|Any CPU = Release|Any CPU
	EndGlobalSection
	GlobalSection(ProjectConfigurationPlatforms) = postSolution
		{7CC4F9BA-520E-4D2E-92A5-8B91BFA08CBF}.Debug|Any CPU.ActiveCfg = Debug|Any CPU
		{7CC4F9BA-520E-4D2E-92A5-8B91BFA08CBF}.Debug|Any CPU.Build.0 = Debug|Any CPU
		{7CC4F9BA-520E-4D2E-92A5-8B91BFA08CBF}.Release|Any CPU.ActiveCfg = Release|Any CPU
		{7CC4F9BA-520E-4D2E-92A5-8B91BFA08CBF}.Release|Any CPU.Build.0 = Release|Any CPU
		{C27F6B19-42D7-431B-A0DF-319F1921A080}.Debug|Any CPU.ActiveCfg = Debug|Any CPU
		{C27F6B19-42D7-431B-A0DF-319F1921A080}.Debug|Any CPU.Build.0 = Debug|Any CPU
		{C27F6B19-42D7-431B-A0DF-319F1921A080}.Release|Any CPU.ActiveCfg = Release|Any CPU
		{C27F6B19-42D7-431B-A0DF-319F1921A080}.Release|Any CPU.Build.0 = Release|Any CPU
		{6D6CE875-3914-4C9E-871A-F62D757B9D3A}.Debug|Any CPU.ActiveCfg = Debug|Any CPU
		{6D6CE875-3914-4C9E-871A-F62D757B9D3A}.Debug|Any CPU.Build.0 = Debug|Any CPU
		{6D6CE875-3914-4C9E-871A-F62D757B9D3A}.Release|Any CPU.ActiveCfg = Release|Any CPU
		{6D6CE875-3914-4C9E-871A-F62D757B9D3A}.Release|Any CPU.Build.0 = Release|Any CPU
		{A787A4CD-5150-4277-997C-95E9CE45E1AA}.Debug|Any CPU.ActiveCfg = Debug|Any CPU
		{A787A4CD-5150-4277-997C-95E9CE45E1AA}.Debug|Any CPU.Build.0 = Debug|Any CPU
		{A787A4CD-5150-4277-997C-95E9CE45E1AA}.Release|Any CPU.ActiveCfg = Release|Any CPU
		{A787A4CD-5150-4277-997C-95E9CE45E1AA}.Release|Any CPU.Build.0 = Release|Any CPU
		{3FB97996-A492-42E8-A8DA-3F79ACD55F0D}.Debug|Any CPU.ActiveCfg = Debug|Any CPU
		{3FB97996-A492-42E8-A8DA-3F79ACD55F0D}.Debug|Any CPU.Build.0 = Debug|Any CPU
		{3FB97996-A492-42E8-A8DA-3F79ACD55F0D}.Release|Any CPU.ActiveCfg = Release|Any CPU
		{3FB97996-A492-42E8-A8DA-3F79ACD55F0D}.Release|Any CPU.Build.0 = Release|Any CPU
	EndGlobalSection
	GlobalSection(SolutionProperties) = preSolution
		HideSolutionNode = FALSE
	EndGlobalSection
	GlobalSection(NestedProjects) = preSolution
		{7CC4F9BA-520E-4D2E-92A5-8B91BFA08CBF} = {25D4C66E-2173-478D-ABBE-0E9FC0E93B57}
		{C27F6B19-42D7-431B-A0DF-319F1921A080} = {25D4C66E-2173-478D-ABBE-0E9FC0E93B57}
		{6D6CE875-3914-4C9E-871A-F62D757B9D3A} = {25D4C66E-2173-478D-ABBE-0E9FC0E93B57}
		{A787A4CD-5150-4277-997C-95E9CE45E1AA} = {25D4C66E-2173-478D-ABBE-0E9FC0E93B57}
		{3FB97996-A492-42E8-A8DA-3F79ACD55F0D} = {25D4C66E-2173-478D-ABBE-0E9FC0E93B57}
	EndGlobalSection
	GlobalSection(ExtensibilityGlobals) = postSolution
		SolutionGuid = {7F5623D4-F08C-4BB4-A68F-2665FC9DBA67}
	EndGlobalSection
EndGlobal
